github.com/areon546/go-files v0.0.0-20250823104947-c1301397acfd h1:KJWtNNwAQQ0nreQ7TzM+piC+WrzkUBa6mteAAqe4b+c=
github.com/areon546/go-files v0.0.0-20250823104947-c1301397acfd/go.mod h1:92DiRBRMTS35iJnbyW0qPjYa4x/dAdlo+7SwsmBep2A=
github.com/areon546/go-helpers/helpers v0.0.0-20250725224349-3881283c15e3 h1:Omv1ZAPP2wHtP4SJfGgWK6+giRkLvzBCtrF9rMPz2vc=
github.com/areon546/go-helpers/helpers v0.0.0-20250725224349-3881283c15e3/go.mod h1:gI6Ckz5/vP+y2zJVQG8d4Ujoh+m48Z5NfTrhprF3agE=
github.com/gomarkdown/markdown v0.0.0-20250810172220-2e2c11897d1a h1:l7A0loSszR5zHd/qK53ZIHMO8b3bBSmENnQ6eKnUT0A=
github.com/gomarkdown/markdown v0.0.0-20250810172220-2e2c11897d1a/go.mod h1:JDGcbDT52eL4fju3sZ4TeHGsQwhG9nbDV21aMyhwPoA=
